
Microsoft Visual Studio Solution File, Format Version 12.00
# Visual Studio Version 17
VisualStudioVersion = 17.13.35825.156 d17.13
MinimumVisualStudioVersion = 10.0.40219.1
Project("{FAE04EC0-301F-11D3-BF4B-00C04F79EFBC}") = "WebApplicationWebFormsTutorial", "WebApplicationWebFormsTutorial\WebApplicationWebFormsTutorial.csproj", "{8398B987-06C9-4D64-BD7A-84994D9FD91E}"
EndProject
Global
	GlobalSection(SolutionConfigurationPlatforms) = preSolution
		Debug|Any CPU = Debug|Any CPU
		Release|Any CPU = Release|Any CPU
	EndGlobalSection
	GlobalSection(ProjectConfigurationPlatforms) = postSolution
		{8398B987-06C9-4D64-BD7A-84994D9FD91E}.Debug|Any CPU.ActiveCfg = Debug|Any CPU
		{8398B987-06C9-4D64-BD7A-84994D9FD91E}.Debug|Any CPU.Build.0 = Debug|Any CPU
		{8398B987-06C9-4D64-BD7A-84994D9FD91E}.Release|Any CPU.ActiveCfg = Release|Any CPU
		{8398B987-06C9-4D64-BD7A-84994D9FD91E}.Release|Any CPU.Build.0 = Release|Any CPU
	EndGlobalSection
	GlobalSection(SolutionProperties) = preSolution
		HideSolutionNode = FALSE
	EndGlobalSection
	GlobalSection(ExtensibilityGlobals) = postSolution
		SolutionGuid = {B6C80E05-92BE-4D29-B8BD-E466DABEAF0C}
	EndGlobalSection
EndGlobal
